
Microsoft Visual Studio Solution File, Format Version 12.00
# Visual Studio Version 17
VisualStudioVersion = 17.12.35707.178 d17.12
MinimumVisualStudioVersion = 10.0.40219.1
Project("{FAE04EC0-301F-11D3-BF4B-00C04F79EFBC}") = "Stromen", "Stromen\Stromen.csproj", "{5865F78B-89E9-4AC0-BC75-5D2973D08D25}"
EndProject
Project("{FAE04EC0-301F-11D3-BF4B-00C04F79EFBC}") = "Serializers", "Serializers\Serializers.csproj", "{1AA91437-8598-4E99-A968-721032A69265}"
EndProject
Global
	GlobalSection(SolutionConfigurationPlatforms) = preSolution
		Debug|Any CPU = Debug|Any CPU
		Release|Any CPU = Release|Any CPU
	EndGlobalSection
	GlobalSection(ProjectConfigurationPlatforms) = postSolution
		{5865F78B-89E9-4AC0-BC75-5D2973D08D25}.Debug|Any CPU.ActiveCfg = Debug|Any CPU
		{5865F78B-89E9-4AC0-BC75-5D2973D08D25}.Debug|Any CPU.Build.0 = Debug|Any CPU
		{5865F78B-89E9-4AC0-BC75-5D2973D08D25}.Release|Any CPU.ActiveCfg = Release|Any CPU
		{5865F78B-89E9-4AC0-BC75-5D2973D08D25}.Release|Any CPU.Build.0 = Release|Any CPU
		{1AA91437-8598-4E99-A968-721032A69265}.Debug|Any CPU.ActiveCfg = Debug|Any CPU
		{1AA91437-8598-4E99-A968-721032A69265}.Debug|Any CPU.Build.0 = Debug|Any CPU
		{1AA91437-8598-4E99-A968-721032A69265}.Release|Any CPU.ActiveCfg = Release|Any CPU
		{1AA91437-8598-4E99-A968-721032A69265}.Release|Any CPU.Build.0 = Release|Any CPU
	EndGlobalSection
	GlobalSection(SolutionProperties) = preSolution
		HideSolutionNode = FALSE
	EndGlobalSection
EndGlobal
